Microsoft Visual Studio Solution File, Format Version 12.00
# Visual Studio Version 17
VisualStudioVersion = 17.11.35327.3
MinimumVisualStudioVersion = 10.0.40219.1
Project("{9A19103F-16F7-4668-BE54-9A1E7A4F7556}") = "Simulator", "Simulator\Simulator.csproj", "{AAECE051-6673-4EE9-AED1-636462BA6E0D}"
EndProject
Project("{9A19103F-16F7-4668-BE54-9A1E7A4F7556}") = "Runner", "Runner\Runner.csproj", "{978A1DB7-0C98-4D37-B712-C9572FA80FA0}"
EndProject
Project("{9A19103F-16F7-4668-BE54-9A1E7A4F7556}") = "TestSimulator", "TestSimulator\TestSimulator.csproj", "{0F9AB5E9-D045-4BA4-8E5A-7395AB6717A9}"
EndProject
Project("{9A19103F-16F7-4668-BE54-9A1E7A4F7556}") = "SimConsole", "SimConsole\SimConsole.csproj", "{AF6D7F7A-52F7-49FE-B44F-D05FADD0141C}"
EndProject
Project("{9A19103F-16F7-4668-BE54-9A1E7A4F7556}") = "SimWeb", "SimWeb\SimWeb.csproj", "{F29260E1-9110-4883-8FDA-58F4F9E22765}"
EndProject
Global
	GlobalSection(SolutionConfigurationPlatforms) = preSolution
		Debug|Any CPU = Debug|Any CPU
		Release|Any CPU = Release|Any CPU
	EndGlobalSection
	GlobalSection(ProjectConfigurationPlatforms) = postSolution
		{AAECE051-6673-4EE9-AED1-636462BA6E0D}.Debug|Any CPU.ActiveCfg = Debug|Any CPU
		{AAECE051-6673-4EE9-AED1-636462BA6E0D}.Debug|Any CPU.Build.0 = Debug|Any CPU
		{AAECE051-6673-4EE9-AED1-636462BA6E0D}.Release|Any CPU.ActiveCfg = Release|Any CPU
		{AAECE051-6673-4EE9-AED1-636462BA6E0D}.Release|Any CPU.Build.0 = Release|Any CPU
		{978A1DB7-0C98-4D37-B712-C9572FA80FA0}.Debug|Any CPU.ActiveCfg = Debug|Any CPU
		{978A1DB7-0C98-4D37-B712-C9572FA80FA0}.Debug|Any CPU.Build.0 = Debug|Any CPU
		{978A1DB7-0C98-4D37-B712-C9572FA80FA0}.Release|Any CPU.ActiveCfg = Release|Any CPU
		{978A1DB7-0C98-4D37-B712-C9572FA80FA0}.Release|Any CPU.Build.0 = Release|Any CPU
		{0F9AB5E9-D045-4BA4-8E5A-7395AB6717A9}.Debug|Any CPU.ActiveCfg = Debug|Any CPU
		{0F9AB5E9-D045-4BA4-8E5A-7395AB6717A9}.Debug|Any CPU.Build.0 = Debug|Any CPU
		{0F9AB5E9-D045-4BA4-8E5A-7395AB6717A9}.Release|Any CPU.ActiveCfg = Release|Any CPU
		{0F9AB5E9-D045-4BA4-8E5A-7395AB6717A9}.Release|Any CPU.Build.0 = Release|Any CPU
		{AF6D7F7A-52F7-49FE-B44F-D05FADD0141C}.Debug|Any CPU.ActiveCfg = Debug|Any CPU
		{AF6D7F7A-52F7-49FE-B44F-D05FADD0141C}.Debug|Any CPU.Build.0 = Debug|Any CPU
		{AF6D7F7A-52F7-49FE-B44F-D05FADD0141C}.Release|Any CPU.ActiveCfg = Release|Any CPU
		{AF6D7F7A-52F7-49FE-B44F-D05FADD0141C}.Release|Any CPU.Build.0 = Release|Any CPU
		{F29260E1-9110-4883-8FDA-58F4F9E22765}.Debug|Any CPU.ActiveCfg = Debug|Any CPU
		{F29260E1-9110-4883-8FDA-58F4F9E22765}.Debug|Any CPU.Build.0 = Debug|Any CPU
		{F29260E1-9110-4883-8FDA-58F4F9E22765}.Release|Any CPU.ActiveCfg = Release|Any CPU
		{F29260E1-9110-4883-8FDA-58F4F9E22765}.Release|Any CPU.Build.0 = Release|Any CPU
	EndGlobalSection
	GlobalSection(SolutionProperties) = preSolution
		HideSolutionNode = FALSE
	EndGlobalSection
	GlobalSection(ExtensibilityGlobals) = postSolution
		SolutionGuid = {FB842A9F-CB04-49C0-9035-C6B364699A0A}
	EndGlobalSection
EndGlobal
